PODS:
  - Flutter (1.0.0)
  - mail_launcher (0.0.1):
    - Flutter

DEPENDENCIES:
  - Flutter (from `Flutter`)
  - mail_launcher (from `.symlinks/plugins/mail_launcher/ios`)

EXTERNAL SOURCES:
  Flutter:
    :path: Flutter
  mail_launcher:
    :path: ".symlinks/plugins/mail_launcher/ios"

SPEC CHECKSUMS:
  Flutter: e0871f40cf51350855a761d2e70bf5af5b9b5de7
  mail_launcher: 4eef6a99a697677eba753a0ca12aead64d89db46

PODFILE CHECKSUM: c4c93c5f6502fe2754f48404d3594bf779584011

COCOAPODS: 1.15.0
